{
  "name": "amutbar-admin",
  "version": "1.0.0",
  "lockfileVersion": 3,
  "requires": true,
  "packages": {
    "": {
      "name": "amutbar-admin",
      "version": "1.0.0",
      "license": "ISC",
      "dependencies": {
        "autocomplete.js": "^0.38.1",
        "bootstrap": "^5.3.8",
        "jquery": "^3.7.1",
        "leaflet": "^1.9.4",
        "particles.js": "^2.0.0",
        "persian-datepicker": "^1.2.0",
        "select2": "^4.1.0-rc.0",
        "select2-bootstrap-5-theme": "^1.3.0",
        "simplebar": "^6.3.3",
        "sweetalert2": "^11.26.4",
        "toastify-js": "^1.12.0"
      }
    },
    "node_modules/@popperjs/core": {
      "version": "2.11.8",
      "resolved": "https://registry.npmjs.org/@popperjs/core/-/core-2.11.8.tgz",
      "integrity": "sha512-P1st0aksCrn9sGZhp8GMYwBnQsbvAWsZAX44oXNNvLHGqAOcoVxmjZiohstwQ7SqKnbR47akdNi+uleWD8+g6A==",
      "license": "MIT",
      "peer": true,
      "funding": {
        "type": "opencollective",
        "url": "https://opencollective.com/popperjs"
      }
    },
    "node_modules/autocomplete.js": {
      "version": "0.38.1",
      "resolved": "https://registry.npmjs.org/autocomplete.js/-/autocomplete.js-0.38.1.tgz",
      "integrity": "sha512-6pSJzuRMY3pqpozt+SXThl2DmJfma8Bi3SVFbZHS0PW/N72bOUv+Db0jAh2cWOhTsA4X+GNmKvIl8wExJTnN9w==",
      "license": "MIT",
      "dependencies": {
        "immediate": "^3.2.3"
      }
    },
    "node_modules/bootstrap": {
      "version": "5.3.8",
      "resolved": "https://registry.npmjs.org/bootstrap/-/bootstrap-5.3.8.tgz",
      "integrity": "sha512-HP1SZDqaLDPwsNiqRqi5NcP0SSXciX2s9E+RyqJIIqGo+vJeN5AJVM98CXmW/Wux0nQ5L7jeWUdplCEf0Ee+tg==",
      "funding": [
        {
          "type": "github",
          "url": "https://github.com/sponsors/twbs"
        },
        {
          "type": "opencollective",
          "url": "https://opencollective.com/bootstrap"
        }
      ],
      "license": "MIT",
      "peerDependencies": {
        "@popperjs/core": "^2.11.8"
      }
    },
    "node_modules/immediate": {
      "version": "3.3.0",
      "resolved": "https://registry.npmjs.org/immediate/-/immediate-3.3.0.tgz",
      "integrity": "sha512-HR7EVodfFUdQCTIeySw+WDRFJlPcLOJbXfwwZ7Oom6tjsvZ3bOkCDJHehQC3nxJrv7+f9XecwazynjU8e4Vw3Q==",
      "license": "MIT"
    },
    "node_modules/jquery": {
      "version": "3.7.1",
      "resolved": "https://registry.npmjs.org/jquery/-/jquery-3.7.1.tgz",
      "integrity": "sha512-m4avr8yL8kmFN8psrbFFFmB/If14iN5o9nw/NgnnM+kybDJpRsAynV2BsfpTYrTRysYUdADVD7CkUUizgkpLfg==",
      "license": "MIT"
    },
    "node_modules/leaflet": {
      "version": "1.9.4",
      "resolved": "https://registry.npmjs.org/leaflet/-/leaflet-1.9.4.tgz",
      "integrity": "sha512-nxS1ynzJOmOlHp+iL3FyWqK89GtNL8U8rvlMOsQdTTssxZwCXh8N2NB3GDQOL+YR3XnWyZAxwQixURb+FA74PA==",
      "license": "BSD-2-Clause"
    },
    "node_modules/lodash": {
      "version": "4.18.1",
      "resolved": "https://registry.npmjs.org/lodash/-/lodash-4.18.1.tgz",
      "integrity": "sha512-dMInicTPVE8d1e5otfwmmjlxkZoUpiVLwyeTdUsi/Caj/gfzzblBcCE5sRHV/AsjuCmxWrte2TNGSYuCeCq+0Q==",
      "license": "MIT"
    },
    "node_modules/lodash-es": {
      "version": "4.18.1",
      "resolved": "https://registry.npmjs.org/lodash-es/-/lodash-es-4.18.1.tgz",
      "integrity": "sha512-J8xewKD/Gk22OZbhpOVSwcs60zhd95ESDwezOFuA3/099925PdHJ7OFHNTGtajL3AlZkykD32HykiMo+BIBI8A==",
      "license": "MIT"
    },
    "node_modules/particles.js": {
      "version": "2.0.0",
      "resolved": "https://registry.npmjs.org/particles.js/-/particles.js-2.0.0.tgz",
      "integrity": "sha512-8e0JIqkRbMMPlFBnF9f+92hX1s07jdkd3tqB8uHE9L+cwGGjIYjQM7QLgt0FQ5MZp6SFFYYDm/Y48pqK3ZvJOQ==",
      "license": "MIT"
    },
    "node_modules/persian-date": {
      "version": "1.1.0-rc2",
      "resolved": "https://registry.npmjs.org/persian-date/-/persian-date-1.1.0-rc2.tgz",
      "integrity": "sha512-qWkCzNn01wsNFJUcMOgatK8WJ2w+wLZXIFGvP2GYwN9nJ713NehDW02J2+yNPMmHqZRGUIG56MABqWw4MQKS6A==",
      "license": "MIT"
    },
    "node_modules/persian-datepicker": {
      "version": "1.2.0",
      "resolved": "https://registry.npmjs.org/persian-datepicker/-/persian-datepicker-1.2.0.tgz",
      "integrity": "sha512-o0krgZQsLDxaADui8rVL7G4P1MXXi2IWFseFhgE7RahdaTqAcBj6C5fhwePMqOTJazl1PwB6dAQnKZ9VGKhItA==",
      "license": "MIT",
      "dependencies": {
        "jquery": "^3.3.1",
        "persian-date": "next"
      }
    },
    "node_modules/select2": {
      "version": "4.1.0-rc.0",
      "resolved": "https://registry.npmjs.org/select2/-/select2-4.1.0-rc.0.tgz",
      "integrity": "sha512-Hr9TdhyHCZUtwznEH2CBf7967mEM0idtJ5nMtjvk3Up5tPukOLXbHUNmh10oRfeNIhj+3GD3niu+g6sVK+gK0A==",
      "license": "MIT"
    },
    "node_modules/select2-bootstrap-5-theme": {
      "version": "1.3.0",
      "resolved": "https://registry.npmjs.org/select2-bootstrap-5-theme/-/select2-bootstrap-5-theme-1.3.0.tgz",
      "integrity": "sha512-uEJDruP4tmwyKcs3V0oP7CIsyC45PGF5ddo8unwTp8OucJ1PSuTOBr+xbWaHTQPGnvp7N96psVQ5UBMQvFCcHA==",
      "license": "MIT",
      "dependencies": {
        "bootstrap": "^5.1.3"
      }
    },
    "node_modules/simplebar": {
      "version": "6.3.3",
      "resolved": "https://registry.npmjs.org/simplebar/-/simplebar-6.3.3.tgz",
      "integrity": "sha512-ni9cIiA8GRitiaenV7A/gh8nTStiVqO3gLxrfCMmq6CSy/pB+fz+QxqvJLo142QHb2Tvgvr8ILwZxf3qzAq7pg==",
      "license": "MIT",
      "dependencies": {
        "simplebar-core": "^1.3.2"
      }
    },
    "node_modules/simplebar-core": {
      "version": "1.3.2",
      "resolved": "https://registry.npmjs.org/simplebar-core/-/simplebar-core-1.3.2.tgz",
      "integrity": "sha512-qKgTTuTqapjsFGkNhCjyPhysnbZGpQqNmjk0nOYjFN5ordC/Wjvg+RbYCyMSnW60l/Z0ZS82GbNltly6PMUH1w==",
      "license": "MIT",
      "dependencies": {
        "lodash": "^4.17.21",
        "lodash-es": "^4.17.21"
      }
    },
    "node_modules/sweetalert2": {
      "version": "11.26.25",
      "resolved": "https://registry.npmjs.org/sweetalert2/-/sweetalert2-11.26.25.tgz",
      "integrity": "sha512-+hunCOJdJ6FLj04T9YSLvvZXRjsvIkTeTKP2e4VF8CaBias961BTnWiSFAy7F/CM5eq3QK2Rraoc5Gzftslvkg==",
      "license": "MIT",
      "funding": {
        "type": "individual",
        "url": "https://github.com/sponsors/limonte"
      }
    },
    "node_modules/toastify-js": {
      "version": "1.12.0",
      "resolved": "https://registry.npmjs.org/toastify-js/-/toastify-js-1.12.0.tgz",
      "integrity": "sha512-HeMHCO9yLPvP9k0apGSdPUWrUbLnxUKNFzgUoZp1PHCLploIX/4DSQ7V8H25ef+h4iO9n0he7ImfcndnN6nDrQ==",
      "license": "MIT"
    }
  }
}
